
Microsoft Visual Studio Solution File, Format Version 12.00
# Visual Studio Version 17
VisualStudioVersion = 17.14.36127.28 d17.14
MinimumVisualStudioVersion = 10.0.40219.1
Project("{FAE04EC0-301F-11D3-BF4B-00C04F79EFBC}") = "JewelerySolution", "JewelerySolution.csproj", "{CB1B3323-8A93-4DB8-9E48-75DD35EEBD90}"
EndProject
Global
	GlobalSection(SolutionConfigurationPlatforms) = preSolution
		Debug|Any CPU = Debug|Any CPU
		Release|Any CPU = Release|Any CPU
	EndGlobalSection
	GlobalSection(ProjectConfigurationPlatforms) = postSolution
		{CB1B3323-8A93-4DB8-9E48-75DD35EEBD90}.Debug|Any CPU.ActiveCfg = Debug|Any CPU
		{CB1B3323-8A93-4DB8-9E48-75DD35EEBD90}.Debug|Any CPU.Build.0 = Debug|Any CPU
		{CB1B3323-8A93-4DB8-9E48-75DD35EEBD90}.Release|Any CPU.ActiveCfg = Release|Any CPU
		{CB1B3323-8A93-4DB8-9E48-75DD35EEBD90}.Release|Any CPU.Build.0 = Release|Any CPU
	EndGlobalSection
	GlobalSection(SolutionProperties) = preSolution
		HideSolutionNode = FALSE
	EndGlobalSection
	GlobalSection(ExtensibilityGlobals) = postSolution
		SolutionGuid = {22DA3D03-0FCC-40F2-98C5-7C463D7D59D3}
	EndGlobalSection
EndGlobal
